{
  "name": "feature-toggle-util",
  "version": "0.0.1",
  "lockfileVersion": 1,
  "requires": true,
  "dependencies": {
    "feature-toggle": {
      "version": "git+ssh://git@github.com/acnevyts/feature-toggle.git#e0f1c7718eebed8e11777df20fc83e7bbf3cd436",
      "from": "git+ssh://git@github.com/acnevyts/feature-toggle.git"
    }
  }
}
